// !$*UTF8*$!
{
	archiveVersion = 1;
	classes = {
	};
	objectVersion = 77;
	objects = {

/* Begin PBXContainerItemProxy section */
		2CD3DABB2D4D890300190DE0 /* PBXContainerItemProxy */ = {
			isa = PBXContainerItemProxy;
			containerPortal = 2CD3DAA22D4D890100190DE0 /* Project object */;
			proxyType = 1;
			remoteGlobalIDString = 2CD3DAA92D4D890100190DE0;
			remoteInfo = "working hour recorder";
		};
		2CD3DAC52D4D890300190DE0 /* PBXContainerItemProxy */ = {
			isa = PBXContainerItemProxy;
			containerPortal = 2CD3DAA22D4D890100190DE0 /* Project object */;
			proxyType = 1;
			remoteGlobalIDString = 2CD3DAA92D4D890100190DE0;
			remoteInfo = "working hour recorder";
		};
/* End PBXContainerItemProxy section */

/* Begin PBXFileReference section */
		2CD3DAAA2D4D890100190DE0 /* working hour recorder.app */ = {isa = PBXFileReference; explicitFileType = wrapper.application; includeInIndex = 0; path = "working hour recorder.app"; sourceTree = BUILT_PRODUCTS_DIR; };
		2CD3DABA2D4D890300190DE0 /* working hour recorderTests.xctest */ = {isa = PBXFileReference; explicitFileType = wrapper.cfbundle; includeInIndex = 0; path = "working hour recorderTests.xctest"; sourceTree = BUILT_PRODUCTS_DIR; };
		2CD3DAC42D4D890300190DE0 /* working hour recorderUITests.xctest */ = {isa = PBXFileReference; explicitFileType = wrapper.cfbundle; includeInIndex = 0; path = "working hour recorderUITests.xctest"; sourceTree = BUILT_PRODUCTS_DIR; };
/* End PBXFileReference section */

/* Begin PBXFileSystemSynchronizedRootGroup section */
		2CD3DAAC2D4D890100190DE0 /* working hour recorder */ = {
			isa = PBXFileSystemSynchronizedRootGroup;
			path = "working hour recorder";
			sourceTree = "<group>";
		};
		2CD3DABD2D4D890300190DE0 /* working hour recorderTests */ = {
			isa = PBXFileSystemSynchronizedRootGroup;
			path = "working hour recorderTests";
			sourceTree = "<group>";
		};
		2CD3DAC72D4D890300190DE0 /* working hour recorderUITests */ = {
			isa = PBXFileSystemSynchronizedRootGroup;
			path = "working hour recorderUITests";
			sourceTree = "<group>";
		};
/* End PBXFileSystemSynchronizedRootGroup section */

/* Begin PBXFrameworksBuildPhase section */
		2CD3DAA72D4D890100190DE0 /* Frameworks */ = {
			isa = PBXFrameworksBuildPhase;
			buildActionMask = 2147483647;
			files = (
			);
			runOnlyForDeploymentPostprocessing = 0;
		};
		2CD3DAB72D4D890300190DE0 /* Frameworks */ = {
			isa = PBXFrameworksBuildPhase;
			buildActionMask = 2147483647;
			files = (
			);
			runOnlyForDeploymentPostprocessing = 0;
		};
		2CD3DAC12D4D890300190DE0 /* Frameworks */ = {
			isa = PBXFrameworksBuildPhase;
			buildActionMask = 2147483647;
			files = (
			);
			runOnlyForDeploymentPostprocessing = 0;
		};
/* End PBXFrameworksBuildPhase section */

/* Begin PBXGroup section */
		2CD3DAA12D4D890100190DE0 = {
			isa = PBXGroup;
			children = (
				2CD3DAAC2D4D890100190DE0 /* working hour recorder */,
				2CD3DABD2D4D890300190DE0 /* working hour recorderTests */,
				2CD3DAC72D4D890300190DE0 /* working hour recorderUITests */,
				2CD3DAAB2D4D890100190DE0 /* Products */,
			);
			sourceTree = "<group>";
		};
		2CD3DAAB2D4D890100190DE0 /* Products */ = {
			isa = PBXGroup;
			children = (
				2CD3DAAA2D4D890100190DE0 /* working hour recorder.app */,
				2CD3DABA2D4D890300190DE0 /* working hour recorderTests.xctest */,
				2CD3DAC42D4D890300190DE0 /* working hour recorderUITests.xctest */,
			);
			name = Products;
			sourceTree = "<group>";
		};
/* End PBXGroup section */

/* Begin PBXNativeTarget section */
		2CD3DAA92D4D890100190DE0 /* working hour recorder */ = {
			isa = PBXNativeTarget;
			buildConfigurationList = 2CD3DACE2D4D890300190DE0 /* Build configuration list for PBXNativeTarget "working hour recorder" */;
			buildPhases = (
				2CD3DAA62D4D890100190DE0 /* Sources */,
				2CD3DAA72D4D890100190DE0 /* Frameworks */,
				2CD3DAA82D4D890100190DE0 /* Resources */,
			);
			buildRules = (
			);
			dependencies = (
			);
			fileSystemSynchronizedGroups = (
				2CD3DAAC2D4D890100190DE0 /* working hour recorder */,
			);
			name = "working hour recorder";
			packageProductDependencies = (
			);
			productName = "working hour recorder";
			productReference = 2CD3DAAA2D4D890100190DE0 /* working hour recorder.app */;
			productType = "com.apple.product-type.application";
		};
		2CD3DAB92D4D890300190DE0 /* working hour recorderTests */ = {
			isa = PBXNativeTarget;
			buildConfigurationList = 2CD3DAD12D4D890300190DE0 /* Build configuration list for PBXNativeTarget "working hour recorderTests" */;
			buildPhases = (
				2CD3DAB62D4D890300190DE0 /* Sources */,
				2CD3DAB72D4D890300190DE0 /* Frameworks */,
				2CD3DAB82D4D890300190DE0 /* Resources */,
			);
			buildRules = (
			);
			dependencies = (
				2CD3DABC2D4D890300190DE0 /* PBXTargetDependency */,
			);
			fileSystemSynchronizedGroups = (
				2CD3DABD2D4D890300190DE0 /* working hour recorderTests */,
			);
			name = "working hour recorderTests";
			packageProductDependencies = (
			);
			productName = "working hour recorderTests";
			productReference = 2CD3DABA2D4D890300190DE0 /* working hour recorderTests.xctest */;
			productType = "com.apple.product-type.bundle.unit-test";
		};
		2CD3DAC32D4D890300190DE0 /* working hour recorderUITests */ = {
			isa = PBXNativeTarget;
			buildConfigurationList = 2CD3DAD42D4D890300190DE0 /* Build configuration list for PBXNativeTarget "working hour recorderUITests" */;
			buildPhases = (
				2CD3DAC02D4D890300190DE0 /* Sources */,
				2CD3DAC12D4D890300190DE0 /* Frameworks */,
				2CD3DAC22D4D890300190DE0 /* Resources */,
			);
			buildRules = (
			);
			dependencies = (
				2CD3DAC62D4D890300190DE0 /* PBXTargetDependency */,
			);
			fileSystemSynchronizedGroups = (
				2CD3DAC72D4D890300190DE0 /* working hour recorderUITests */,
			);
			name = "working hour recorderUITests";
			packageProductDependencies = (
			);
			productName = "working hour recorderUITests";
			productReference = 2CD3DAC42D4D890300190DE0 /* working hour recorderUITests.xctest */;
			productType = "com.apple.product-type.bundle.ui-testing";
		};
/* End PBXNativeTarget section */

/* Begin PBXProject section */
		2CD3DAA22D4D890100190DE0 /* Project object */ = {
			isa = PBXProject;
			attributes = {
				BuildIndependentTargetsInParallel = 1;
				LastSwiftUpdateCheck = 1620;
				LastUpgradeCheck = 1620;
				TargetAttributes = {
					2CD3DAA92D4D890100190DE0 = {
						CreatedOnToolsVersion = 16.2;
					};
					2CD3DAB92D4D890300190DE0 = {
						CreatedOnToolsVersion = 16.2;
						TestTargetID = 2CD3DAA92D4D890100190DE0;
					};
					2CD3DAC32D4D890300190DE0 = {
						CreatedOnToolsVersion = 16.2;
						TestTargetID = 2CD3DAA92D4D890100190DE0;
					};
				};
			};
			buildConfigurationList = 2CD3DAA52D4D890100190DE0 /* Build configuration list for PBXProject "working hour recorder" */;
			developmentRegion = en;
			hasScannedForEncodings = 0;
			knownRegions = (
				en,
				Base,
			);
			mainGroup = 2CD3DAA12D4D890100190DE0;
			minimizedProjectReferenceProxies = 1;
			preferredProjectObjectVersion = 77;
			productRefGroup = 2CD3DAAB2D4D890100190DE0 /* Products */;
			projectDirPath = "";
			projectRoot = "";
			targets = (
				2CD3DAA92D4D890100190DE0 /* working hour recorder */,
				2CD3DAB92D4D890300190DE0 /* working hour recorderTests */,
				2CD3DAC32D4D890300190DE0 /* working hour recorderUITests */,
			);
		};
/* End PBXProject section */

/* Begin PBXResourcesBuildPhase section */
		2CD3DAA82D4D890100190DE0 /* Resources */ = {
			isa = PBXResourcesBuildPhase;
			buildActionMask = 2147483647;
			files = (
			);
			runOnlyForDeploymentPostprocessing = 0;
		};
		2CD3DAB82D4D890300190DE0 /* Resources */ = {
			isa = PBXResourcesBuildPhase;
			buildActionMask = 2147483647;
			files = (
			);
			runOnlyForDeploymentPostprocessing = 0;
		};
		2CD3DAC22D4D890300190DE0 /* Resources */ = {
			isa = PBXResourcesBuildPhase;
			buildActionMask = 2147483647;
			files = (
			);
			runOnlyForDeploymentPostprocessing = 0;
		};
/* End PBXResourcesBuildPhase section */

/* Begin PBXSourcesBuildPhase section */
		2CD3DAA62D4D890100190DE0 /* Sources */ = {
			isa = PBXSourcesBuildPhase;
			buildActionMask = 2147483647;
			files = (
			);
			runOnlyForDeploymentPostprocessing = 0;
		};
		2CD3DAB62D4D890300190DE0 /* Sources */ = {
			isa = PBXSourcesBuildPhase;
			buildActionMask = 2147483647;
			files = (
			);
			runOnlyForDeploymentPostprocessing = 0;
		};
		2CD3DAC02D4D890300190DE0 /* Sources */ = {
			isa = PBXSourcesBuildPhase;
			buildActionMask = 2147483647;
			files = (
			);
			runOnlyForDeploymentPostprocessing = 0;
		};
/* End PBXSourcesBuildPhase section */

/* Begin PBXTargetDependency section */
		2CD3DABC2D4D890300190DE0 /* PBXTargetDependency */ = {
			isa = PBXTargetDependency;
			target = 2CD3DAA92D4D890100190DE0 /* working hour recorder */;
			targetProxy = 2CD3DABB2D4D890300190DE0 /* PBXContainerItemProxy */;
		};
		2CD3DAC62D4D890300190DE0 /* PBXTargetDependency */ = {
			isa = PBXTargetDependency;
			target = 2CD3DAA92D4D890100190DE0 /* working hour recorder */;
			targetProxy = 2CD3DAC52D4D890300190DE0 /* PBXContainerItemProxy */;
		};
/* End PBXTargetDependency section */

/* Begin XCBuildConfiguration section */
		2CD3DACC2D4D890300190DE0 /* Debug */ = {
			isa = XCBuildConfiguration;
			buildSettings = {
				ALWAYS_SEARCH_USER_PATHS = NO;
				ASSETCATALOG_COMPILER_GENERATE_SWIFT_ASSET_SYMBOL_EXTENSIONS = YES;
				CLANG_ANALYZER_NONNULL = YES;
				CLANG_ANALYZER_NUMBER_OBJECT_CONVERSION = YES_AGGRESSIVE;
				CLANG_CXX_LANGUAGE_STANDARD = "gnu++20";
				CLANG_ENABLE_MODULES = YES;
				CLANG_ENABLE_OBJC_ARC = YES;
				CLANG_ENABLE_OBJC_WEAK = YES;
				CLANG_WARN_BLOCK_CAPTURE_AUTORELEASING = YES;
				CLANG_WARN_BOOL_CONVERSION = YES;
				CLANG_WARN_COMMA = YES;
				CLANG_WARN_CONSTANT_CONVERSION = YES;
				CLANG_WARN_DEPRECATED_OBJC_IMPLEMENTATIONS = YES;
				CLANG_WARN_DIRECT_OBJC_ISA_USAGE = YES_ERROR;
				CLANG_WARN_DOCUMENTATION_COMMENTS = YES;
				CLANG_WARN_EMPTY_BODY = YES;
				CLANG_WARN_ENUM_CONVERSION = YES;
				CLANG_WARN_INFINITE_RECURSION = YES;
				CLANG_WARN_INT_CONVERSION = YES;
				CLANG_WARN_NON_LITERAL_NULL_CONVERSION = YES;
				CLANG_WARN_OBJC_IMPLICIT_RETAIN_SELF = YES;
				CLANG_WARN_OBJC_LITERAL_CONVERSION = YES;
				CLANG_WARN_OBJC_ROOT_CLASS = YES_ERROR;
				CLANG_WARN_QUOTED_INCLUDE_IN_FRAMEWORK_HEADER = YES;
				CLANG_WARN_RANGE_LOOP_ANALYSIS = YES;
				CLANG_WARN_STRICT_PROTOTYPES = YES;
				CLANG_WARN_SUSPICIOUS_MOVE = YES;
				CLANG_WARN_UNGUARDED_AVAILABILITY = YES_AGGRESSIVE;
				CLANG_WARN_UNREACHABLE_CODE = YES;
				CLANG_WARN__DUPLICATE_METHOD_MATCH = YES;
				COPY_PHASE_STRIP = NO;
				DEBUG_INFORMATION_FORMAT = dwarf;
				ENABLE_STRICT_OBJC_MSGSEND = YES;
				ENABLE_TESTABILITY = YES;
				ENABLE_USER_SCRIPT_SANDBOXING = YES;
				GCC_C_LANGUAGE_STANDARD = gnu17;
				GCC_DYNAMIC_NO_PIC = NO;
				GCC_NO_COMMON_BLOCKS = YES;
				GCC_OPTIMIZATION_LEVEL = 0;
				GCC_PREPROCESSOR_DEFINITIONS = (
					"DEBUG=1",
					"$(inherited)",
				);
				GCC_WARN_64_TO_32_BIT_CONVERSION = YES;
				GCC_WARN_ABOUT_RETURN_TYPE = YES_ERROR;
				GCC_WARN_UNDECLARED_SELECTOR = YES;
				GCC_WARN_UNINITIALIZED_AUTOS = YES_AGGRESSIVE;
				GCC_WARN_UNUSED_FUNCTION = YES;
				GCC_WARN_UNUSED_VARIABLE = YES;
				IPHONEOS_DEPLOYMENT_TARGET = 18.2;
				LOCALIZATION_PREFERS_STRING_CATALOGS = YES;
				MTL_ENABLE_DEBUG_INFO = INCLUDE_SOURCE;
				MTL_FAST_MATH = YES;
				ONLY_ACTIVE_ARCH = YES;
				SDKROOT = iphoneos;
				SWIFT_ACTIVE_COMPILATION_CONDITIONS = "DEBUG $(inherited)";
				SWIFT_OPTIMIZATION_LEVEL = "-Onone";
			};
			name = Debug;
		};
		2CD3DACD2D4D890300190DE0 /* Release */ = {
			isa = XCBuildConfiguration;
			buildSettings = {
				ALWAYS_SEARCH_USER_PATHS = NO;
				ASSETCATALOG_COMPILER_GENERATE_SWIFT_ASSET_SYMBOL_EXTENSIONS = YES;
				CLANG_ANALYZER_NONNULL = YES;
				CLANG_ANALYZER_NUMBER_OBJECT_CONVERSION = YES_AGGRESSIVE;
				CLANG_CXX_LANGUAGE_STANDARD = "gnu++20";
				CLANG_ENABLE_MODULES = YES;
				CLANG_ENABLE_OBJC_ARC = YES;
				CLANG_ENABLE_OBJC_WEAK = YES;
				CLANG_WARN_BLOCK_CAPTURE_AUTORELEASING = YES;
				CLANG_WARN_BOOL_CONVERSION = YES;
				CLANG_WARN_COMMA = YES;
				CLANG_WARN_CONSTANT_CONVERSION = YES;
				CLANG_WARN_DEPRECATED_OBJC_IMPLEMENTATIONS = YES;
				CLANG_WARN_DIRECT_OBJC_ISA_USAGE = YES_ERROR;
				CLANG_WARN_DOCUMENTATION_COMMENTS = YES;
				CLANG_WARN_EMPTY_BODY = YES;
				CLANG_WARN_ENUM_CONVERSION = YES;
				CLANG_WARN_INFINITE_RECURSION = YES;
				CLANG_WARN_INT_CONVERSION = YES;
				CLANG_WARN_NON_LITERAL_NULL_CONVERSION = YES;
				CLANG_WARN_OBJC_IMPLICIT_RETAIN_SELF = YES;
				CLANG_WARN_OBJC_LITERAL_CONVERSION = YES;
				CLANG_WARN_OBJC_ROOT_CLASS = YES_ERROR;
				CLANG_WARN_QUOTED_INCLUDE_IN_FRAMEWORK_HEADER = YES;
				CLANG_WARN_RANGE_LOOP_ANALYSIS = YES;
				CLANG_WARN_STRICT_PROTOTYPES = YES;
				CLANG_WARN_SUSPICIOUS_MOVE = YES;
				CLANG_WARN_UNGUARDED_AVAILABILITY = YES_AGGRESSIVE;
				CLANG_WARN_UNREACHABLE_CODE = YES;
				CLANG_WARN__DUPLICATE_METHOD_MATCH = YES;
				COPY_PHASE_STRIP = NO;
				DEBUG_INFORMATION_FORMAT = "dwarf-with-dsym";
				ENABLE_NS_ASSERTIONS = NO;
				ENABLE_STRICT_OBJC_MSGSEND = YES;
				ENABLE_USER_SCRIPT_SANDBOXING = YES;
				GCC_C_LANGUAGE_STANDARD = gnu17;
				GCC_NO_COMMON_BLOCKS = YES;
				GCC_WARN_64_TO_32_BIT_CONVERSION = YES;
				GCC_WARN_ABOUT_RETURN_TYPE = YES_ERROR;
				GCC_WARN_UNDECLARED_SELECTOR = YES;
				GCC_WARN_UNINITIALIZED_AUTOS = YES_AGGRESSIVE;
				GCC_WARN_UNUSED_FUNCTION = YES;
				GCC_WARN_UNUSED_VARIABLE = YES;
				IPHONEOS_DEPLOYMENT_TARGET = 18.2;
				LOCALIZATION_PREFERS_STRING_CATALOGS = YES;
				MTL_ENABLE_DEBUG_INFO = NO;
				MTL_FAST_MATH = YES;
				SDKROOT = iphoneos;
				SWIFT_COMPILATION_MODE = wholemodule;
				VALIDATE_PRODUCT = YES;
			};
			name = Release;
		};
		2CD3DACF2D4D890300190DE0 /* Debug */ = {
			isa = XCBuildConfiguration;
			buildSettings = {
				ASSETCATALOG_COMPILER_APPICON_NAME = AppIcon;
				ASSETCATALOG_COMPILER_GLOBAL_ACCENT_COLOR_NAME = AccentColor;
				CODE_SIGN_STYLE = Automatic;
				CURRENT_PROJECT_VERSION = 1;
				DEVELOPMENT_ASSET_PATHS = "\"working hour recorder/Preview Content\"";
				DEVELOPMENT_TEAM = D5B69AKM3Y;
				ENABLE_PREVIEWS = YES;
				GENERATE_INFOPLIST_FILE = YES;
				INFOPLIST_KEY_CFBundleDisplayName = "Work hour recorder";
				INFOPLIST_KEY_LSApplicationCategoryType = "public.app-category.utilities";
				INFOPLIST_KEY_NSLocationAlwaysAndWhenInUseUsageDescription = "We need your location to record where you start your work sessions";
				INFOPLIST_KEY_NSLocationWhenInUseUsageDescription = "We need your location to record where you start your work sessions";
				INFOPLIST_KEY_UIApplicationSceneManifest_Generation = YES;
				INFOPLIST_KEY_UIApplicationSupportsIndirectInputEvents = YES;
				INFOPLIST_KEY_UILaunchScreen_Generation = YES;
				INFOPLIST_KEY_UISupportedInterfaceOrientations_iPad = "UIInterfaceOrientationPortrait UIInterfaceOrientationPortraitUpsideDown UIInterfaceOrientationLandscapeLeft UIInterfaceOrientationLandscapeRight";
				INFOPLIST_KEY_UISupportedInterfaceOrientations_iPhone = "UIInterfaceOrientationPortrait UIInterfaceOrientationLandscapeLeft UIInterfaceOrientationLandscapeRight";
				IPHONEOS_DEPLOYMENT_TARGET = 17.6;
				LD_RUNPATH_SEARCH_PATHS = (
					"$(inherited)",
					"@executable_path/Frameworks",
				);
				MARKETING_VERSION = 1.0;
				PRODUCT_BUNDLE_IDENTIFIER = "MX.working-hour-recorder";
				PRODUCT_NAME = "$(TARGET_NAME)";
				SWIFT_EMIT_LOC_STRINGS = YES;
				SWIFT_VERSION = 5.0;
				TARGETED_DEVICE_FAMILY = "1,2";
			};
			name = Debug;
		};
		2CD3DAD02D4D890300190DE0 /* Release */ = {
			isa = XCBuildConfiguration;
			buildSettings = {
				ASSETCATALOG_COMPILER_APPICON_NAME = AppIcon;
				ASSETCATALOG_COMPILER_GLOBAL_ACCENT_COLOR_NAME = AccentColor;
				CODE_SIGN_STYLE = Automatic;
				CURRENT_PROJECT_VERSION = 1;
				DEVELOPMENT_ASSET_PATHS = "\"working hour recorder/Preview Content\"";
				DEVELOPMENT_TEAM = D5B69AKM3Y;
				ENABLE_PREVIEWS = YES;
				GENERATE_INFOPLIST_FILE = YES;
				INFOPLIST_KEY_CFBundleDisplayName = "Work hour recorder";
				INFOPLIST_KEY_LSApplicationCategoryType = "public.app-category.utilities";
				INFOPLIST_KEY_NSLocationAlwaysAndWhenInUseUsageDescription = "We need your location to record where you start your work sessions";
				INFOPLIST_KEY_NSLocationWhenInUseUsageDescription = "We need your location to record where you start your work sessions";
				INFOPLIST_KEY_UIApplicationSceneManifest_Generation = YES;
				INFOPLIST_KEY_UIApplicationSupportsIndirectInputEvents = YES;
				INFOPLIST_KEY_UILaunchScreen_Generation = YES;
				INFOPLIST_KEY_UISupportedInterfaceOrientations_iPad = "UIInterfaceOrientationPortrait UIInterfaceOrientationPortraitUpsideDown UIInterfaceOrientationLandscapeLeft UIInterfaceOrientationLandscapeRight";
				INFOPLIST_KEY_UISupportedInterfaceOrientations_iPhone = "UIInterfaceOrientationPortrait UIInterfaceOrientationLandscapeLeft UIInterfaceOrientationLandscapeRight";
				IPHONEOS_DEPLOYMENT_TARGET = 17.6;
				LD_RUNPATH_SEARCH_PATHS = (
					"$(inherited)",
					"@executable_path/Frameworks",
				);
				MARKETING_VERSION = 1.0;
				PRODUCT_BUNDLE_IDENTIFIER = "MX.working-hour-recorder";
				PRODUCT_NAME = "$(TARGET_NAME)";
				SWIFT_EMIT_LOC_STRINGS = YES;
				SWIFT_VERSION = 5.0;
				TARGETED_DEVICE_FAMILY = "1,2";
			};
			name = Release;
		};
		2CD3DAD22D4D890300190DE0 /* Debug */ = {
			isa = XCBuildConfiguration;
			buildSettings = {
				BUNDLE_LOADER = "$(TEST_HOST)";
				CODE_SIGN_STYLE = Automatic;
				CURRENT_PROJECT_VERSION = 1;
				DEVELOPMENT_TEAM = D5B69AKM3Y;
				GENERATE_INFOPLIST_FILE = YES;
				IPHONEOS_DEPLOYMENT_TARGET = 18.2;
				MARKETING_VERSION = 1.0;
				PRODUCT_BUNDLE_IDENTIFIER = "MX.working-hour-recorderTests";
				PRODUCT_NAME = "$(TARGET_NAME)";
				SWIFT_EMIT_LOC_STRINGS = NO;
				SWIFT_VERSION = 5.0;
				TARGETED_DEVICE_FAMILY = "1,2";
				TEST_HOST = "$(BUILT_PRODUCTS_DIR)/working hour recorder.app/$(BUNDLE_EXECUTABLE_FOLDER_PATH)/working hour recorder";
			};
			name = Debug;
		};
		2CD3DAD32D4D890300190DE0 /* Release */ = {
			isa = XCBuildConfiguration;
			buildSettings = {
				BUNDLE_LOADER = "$(TEST_HOST)";
				CODE_SIGN_STYLE = Automatic;
				CURRENT_PROJECT_VERSION = 1;
				DEVELOPMENT_TEAM = D5B69AKM3Y;
				GENERATE_INFOPLIST_FILE = YES;
				IPHONEOS_DEPLOYMENT_TARGET = 18.2;
				MARKETING_VERSION = 1.0;
				PRODUCT_BUNDLE_IDENTIFIER = "MX.working-hour-recorderTests";
				PRODUCT_NAME = "$(TARGET_NAME)";
				SWIFT_EMIT_LOC_STRINGS = NO;
				SWIFT_VERSION = 5.0;
				TARGETED_DEVICE_FAMILY = "1,2";
				TEST_HOST = "$(BUILT_PRODUCTS_DIR)/working hour recorder.app/$(BUNDLE_EXECUTABLE_FOLDER_PATH)/working hour recorder";
			};
			name = Release;
		};
		2CD3DAD52D4D890300190DE0 /* Debug */ = {
			isa = XCBuildConfiguration;
			buildSettings = {
				CODE_SIGN_STYLE = Automatic;
				CURRENT_PROJECT_VERSION = 1;
				DEVELOPMENT_TEAM = D5B69AKM3Y;
				GENERATE_INFOPLIST_FILE = YES;
				MARKETING_VERSION = 1.0;
				PRODUCT_BUNDLE_IDENTIFIER = "MX.working-hour-recorderUITests";
				PRODUCT_NAME = "$(TARGET_NAME)";
				SWIFT_EMIT_LOC_STRINGS = NO;
				SWIFT_VERSION = 5.0;
				TARGETED_DEVICE_FAMILY = "1,2";
				TEST_TARGET_NAME = "working hour recorder";
			};
			name = Debug;
		};
		2CD3DAD62D4D890300190DE0 /* Release */ = {
			isa = XCBuildConfiguration;
			buildSettings = {
				CODE_SIGN_STYLE = Automatic;
				CURRENT_PROJECT_VERSION = 1;
				DEVELOPMENT_TEAM = D5B69AKM3Y;
				GENERATE_INFOPLIST_FILE = YES;
				MARKETING_VERSION = 1.0;
				PRODUCT_BUNDLE_IDENTIFIER = "MX.working-hour-recorderUITests";
				PRODUCT_NAME = "$(TARGET_NAME)";
				SWIFT_EMIT_LOC_STRINGS = NO;
				SWIFT_VERSION = 5.0;
				TARGETED_DEVICE_FAMILY = "1,2";
				TEST_TARGET_NAME = "working hour recorder";
			};
			name = Release;
		};
/* End XCBuildConfiguration section */

/* Begin XCConfigurationList section */
		2CD3DAA52D4D890100190DE0 /* Build configuration list for PBXProject "working hour recorder" */ = {
			isa = XCConfigurationList;
			buildConfigurations = (
				2CD3DACC2D4D890300190DE0 /* Debug */,
				2CD3DACD2D4D890300190DE0 /* Release */,
			);
			defaultConfigurationIsVisible = 0;
			defaultConfigurationName = Release;
		};
		2CD3DACE2D4D890300190DE0 /* Build configuration list for PBXNativeTarget "working hour recorder" */ = {
			isa = XCConfigurationList;
			buildConfigurations = (
				2CD3DACF2D4D890300190DE0 /* Debug */,
				2CD3DAD02D4D890300190DE0 /* Release */,
			);
			defaultConfigurationIsVisible = 0;
			defaultConfigurationName = Release;
		};
		2CD3DAD12D4D890300190DE0 /* Build configuration list for PBXNativeTarget "working hour recorderTests" */ = {
			isa = XCConfigurationList;
			buildConfigurations = (
				2CD3DAD22D4D890300190DE0 /* Debug */,
				2CD3DAD32D4D890300190DE0 /* Release */,
			);
			defaultConfigurationIsVisible = 0;
			defaultConfigurationName = Release;
		};
		2CD3DAD42D4D890300190DE0 /* Build configuration list for PBXNativeTarget "working hour recorderUITests" */ = {
			isa = XCConfigurationList;
			buildConfigurations = (
				2CD3DAD52D4D890300190DE0 /* Debug */,
				2CD3DAD62D4D890300190DE0 /* Release */,
			);
			defaultConfigurationIsVisible = 0;
			defaultConfigurationName = Release;
		};
/* End XCConfigurationList section */
	};
	rootObject = 2CD3DAA22D4D890100190DE0 /* Project object */;
}
